{
  "name": "rental-regression",
  "version": "1.0.0",
  "lockfileVersion": 1,
  "requires": true,
  "dependencies": {
    "is-any-array": {
      "version": "0.0.3",
      "resolved": "https://registry.npmjs.org/is-any-array/-/is-any-array-0.0.3.tgz",
      "integrity": "sha512-Lr5SRykZv6uuYMZURz7+YpigT1ziTBHOTgFJ1zK7gL+9Wbet5Ha1ws6S84Jo/lH4zep02b95sk6o4+MTk97mPQ=="
    },
    "ml-array-max": {
      "version": "1.1.2",
      "resolved": "https://registry.npmjs.org/ml-array-max/-/ml-array-max-1.1.2.tgz",
      "integrity": "sha512-it2hYUSuYEwIRO6hjTWfe6gbGutF4Tuct7jxt3LiLE4wKFs6ku5FLNIRKtOL2jyH+Jdwt1ddbqKMX8inBM8RxA==",
      "requires": {
        "is-any-array": "0.0.3"
      }
    },
    "ml-array-min": {
      "version": "1.1.2",
      "resolved": "https://registry.npmjs.org/ml-array-min/-/ml-array-min-1.1.2.tgz",
      "integrity": "sha512-92QzvsyK7TxGz618pno6bu0LXYcRKssbimP85qRllk2xX5Z4gnVxlOmrMjSerUut9zzbt1eQB4byXNCwT0vgwA==",
      "requires": {
        "is-any-array": "0.0.3"
      }
    },
    "ml-array-rescale": {
      "version": "1.2.2",
      "resolved": "https://registry.npmjs.org/ml-array-rescale/-/ml-array-rescale-1.2.2.tgz",
      "integrity": "sha512-Ijo4LegOUIQjv231y8g2/n9vyKA/CczJz3pR+zZ0TeZrqEVRs1uW4AjpbkN/01QplTI46ranMJa51L0g3VbQEg==",
      "requires": {
        "is-any-array": "0.0.3",
        "ml-array-max": "1.1.2",
        "ml-array-min": "1.1.2"
      }
    },
    "ml-matrix": {
      "version": "6.4.1",
      "resolved": "https://registry.npmjs.org/ml-matrix/-/ml-matrix-6.4.1.tgz",
      "integrity": "sha512-YZ6lLRhk80B2zJSC0bKocnHbpxCdXFKWb6A7QTDztf5ob2qL1g/5AYNAuDtCQgbZtW1wwFZbjXbDgk/UdiO3Uw==",
      "requires": {
        "ml-array-rescale": "1.2.2"
      }
    },
    "ml-regression-multivariate-linear": {
      "version": "2.0.3",
      "resolved": "https://registry.npmjs.org/ml-regression-multivariate-linear/-/ml-regression-multivariate-linear-2.0.3.tgz",
      "integrity": "sha512-G8tBqf8bEhowiVP9rUeYjoc6mCSsA7yxo3fCr8hjaVVmLBAZEXoyeHj5zQZJh/eAp6423kSaabP3emWMwRcnbw==",
      "requires": {
        "ml-matrix": "6.4.1"
      }
    }
  }
}
